
Microsoft Visual Studio Solution File, Format Version 12.00
# Visual Studio 15
VisualStudioVersion = 15.0.28307.1267
MinimumVisualStudioVersion = 10.0.40219.1
Project("{FAE04EC0-301F-11D3-BF4B-00C04F79EFBC}") = "WcfServiceTI", "WcfServiceTI\WcfServiceTI.csproj", "{BC8B2C84-C20F-4BB1-8827-A2D0CD069708}"
EndProject
Global
	GlobalSection(SolutionConfigurationPlatforms) = preSolution
		Debug|Any CPU = Debug|Any CPU
		Release|Any CPU = Release|Any CPU
	EndGlobalSection
	GlobalSection(ProjectConfigurationPlatforms) = postSolution
		{BC8B2C84-C20F-4BB1-8827-A2D0CD069708}.Debug|Any CPU.ActiveCfg = Debug|Any CPU
		{BC8B2C84-C20F-4BB1-8827-A2D0CD069708}.Debug|Any CPU.Build.0 = Debug|Any CPU
		{BC8B2C84-C20F-4BB1-8827-A2D0CD069708}.Release|Any CPU.ActiveCfg = Release|Any CPU
		{BC8B2C84-C20F-4BB1-8827-A2D0CD069708}.Release|Any CPU.Build.0 = Release|Any CPU
	EndGlobalSection
	GlobalSection(SolutionProperties) = preSolution
		HideSolutionNode = FALSE
	EndGlobalSection
	GlobalSection(ExtensibilityGlobals) = postSolution
		SolutionGuid = {D0743B7E-A18F-4958-AAF2-06E05BB0210D}
	EndGlobalSection
EndGlobal
